
Microsoft Visual Studio Solution File, Format Version 12.00
# Visual Studio Version 16
VisualStudioVersion = 16.0.33423.256
MinimumVisualStudioVersion = 10.0.40219.1
Project("{FAE04EC0-301F-11D3-BF4B-00C04F79EFBC}") = "taxi", "taxi\taxi.csproj", "{1DFD726A-7CE9-4A08-9D7B-91025EA33E50}"
EndProject
Global
	GlobalSection(SolutionConfigurationPlatforms) = preSolution
		Debug|Any CPU = Debug|Any CPU
		Release|Any CPU = Release|Any CPU
	EndGlobalSection
	GlobalSection(ProjectConfigurationPlatforms) = postSolution
		{1DFD726A-7CE9-4A08-9D7B-91025EA33E50}.Debug|Any CPU.ActiveCfg = Debug|Any CPU
		{1DFD726A-7CE9-4A08-9D7B-91025EA33E50}.Debug|Any CPU.Build.0 = Debug|Any CPU
		{1DFD726A-7CE9-4A08-9D7B-91025EA33E50}.Release|Any CPU.ActiveCfg = Release|Any CPU
		{1DFD726A-7CE9-4A08-9D7B-91025EA33E50}.Release|Any CPU.Build.0 = Release|Any CPU
	EndGlobalSection
	GlobalSection(SolutionProperties) = preSolution
		HideSolutionNode = FALSE
	EndGlobalSection
	GlobalSection(ExtensibilityGlobals) = postSolution
		SolutionGuid = {F828AD43-FB25-419D-8364-70A43F2A6830}
	EndGlobalSection
EndGlobal
